
Microsoft Visual Studio Solution File, Format Version 12.00
# Visual Studio Version 17
VisualStudioVersion = 17.9.34902.65
MinimumVisualStudioVersion = 10.0.40219.1
Project("{9A19103F-16F7-4668-BE54-9A1E7A4F7556}") = "Yugioh.Server", "Yugioh.Server\Yugioh.Server.csproj", "{B5624727-5637-4AFA-A984-8281E104A507}"
EndProject
Project("{54A90642-561A-4BB1-A94E-469ADEE60C69}") = "yugioh.client", "yugioh.client\yugioh.client.esproj", "{19554BE3-AFB3-490D-8502-38589F23553E}"
EndProject
Project("{FAE04EC0-301F-11D3-BF4B-00C04F79EFBC}") = "Yugioh.Server.Test", "Yugioh.Server.Test\Yugioh.Server.Test.csproj", "{D647C9A8-E608-4A67-8A4F-00DEFC8E78E2}"
EndProject
Global
	GlobalSection(SolutionConfigurationPlatforms) = preSolution
		Debug|Any CPU = Debug|Any CPU
		Release|Any CPU = Release|Any CPU
	EndGlobalSection
	GlobalSection(ProjectConfigurationPlatforms) = postSolution
		{B5624727-5637-4AFA-A984-8281E104A507}.Debug|Any CPU.ActiveCfg = Debug|Any CPU
		{B5624727-5637-4AFA-A984-8281E104A507}.Debug|Any CPU.Build.0 = Debug|Any CPU
		{B5624727-5637-4AFA-A984-8281E104A507}.Release|Any CPU.ActiveCfg = Release|Any CPU
		{B5624727-5637-4AFA-A984-8281E104A507}.Release|Any CPU.Build.0 = Release|Any CPU
		{19554BE3-AFB3-490D-8502-38589F23553E}.Debug|Any CPU.ActiveCfg = Debug|Any CPU
		{19554BE3-AFB3-490D-8502-38589F23553E}.Debug|Any CPU.Build.0 = Debug|Any CPU
		{19554BE3-AFB3-490D-8502-38589F23553E}.Debug|Any CPU.Deploy.0 = Debug|Any CPU
		{19554BE3-AFB3-490D-8502-38589F23553E}.Release|Any CPU.ActiveCfg = Release|Any CPU
		{19554BE3-AFB3-490D-8502-38589F23553E}.Release|Any CPU.Build.0 = Release|Any CPU
		{19554BE3-AFB3-490D-8502-38589F23553E}.Release|Any CPU.Deploy.0 = Release|Any CPU
		{D647C9A8-E608-4A67-8A4F-00DEFC8E78E2}.Debug|Any CPU.ActiveCfg = Debug|Any CPU
		{D647C9A8-E608-4A67-8A4F-00DEFC8E78E2}.Debug|Any CPU.Build.0 = Debug|Any CPU
		{D647C9A8-E608-4A67-8A4F-00DEFC8E78E2}.Release|Any CPU.ActiveCfg = Release|Any CPU
		{D647C9A8-E608-4A67-8A4F-00DEFC8E78E2}.Release|Any CPU.Build.0 = Release|Any CPU
	EndGlobalSection
	GlobalSection(SolutionProperties) = preSolution
		HideSolutionNode = FALSE
	EndGlobalSection
	GlobalSection(ExtensibilityGlobals) = postSolution
		SolutionGuid = {2AFAFA7E-56C2-4F0C-AEB9-775E644EAC8A}
	EndGlobalSection
EndGlobal
